// !$*UTF8*$!
{
	archiveVersion = 1;
	classes = {
	};
	objectVersion = 46;
	objects = {

/* Begin PBXBuildFile section */
		259737FB1C2C618A00869B8F /* TestFakes.swift in Sources */ = {isa = PBXBuildFile; fileRef = 259737FA1C2C618A00869B8F /* TestFakes.swift */; };
		25DBCF401C30C16000D63A58 /* Action.swift in Sources */ = {isa = PBXBuildFile; fileRef = 625E66B61C1FFC880027C288 /* Action.swift */; };
		25DBCF421C30C16000D63A58 /* Reducer.swift in Sources */ = {isa = PBXBuildFile; fileRef = 625E66B81C1FFC880027C288 /* Reducer.swift */; };
		25DBCF571C30C19500D63A58 /* Action.swift in Sources */ = {isa = PBXBuildFile; fileRef = 625E66B61C1FFC880027C288 /* Action.swift */; };
		25DBCF591C30C19500D63A58 /* Reducer.swift in Sources */ = {isa = PBXBuildFile; fileRef = 625E66B81C1FFC880027C288 /* Reducer.swift */; };
		25DBCF691C30C1AC00D63A58 /* ReactiveReSwift.framework in Frameworks */ = {isa = PBXBuildFile; fileRef = 25DBCF4E1C30C18D00D63A58 /* ReactiveReSwift.framework */; };
		25DBCF731C30C34000D63A58 /* ReducerTests.swift in Sources */ = {isa = PBXBuildFile; fileRef = 621C06851C277759008029AE /* ReducerTests.swift */; };
		25DBCF751C30C34000D63A58 /* TestFakes.swift in Sources */ = {isa = PBXBuildFile; fileRef = 259737FA1C2C618A00869B8F /* TestFakes.swift */; };
		25DBCF8C1C30C4DB00D63A58 /* ReactiveReSwift.framework in Frameworks */ = {isa = PBXBuildFile; fileRef = 25DBCF7B1C30C4AA00D63A58 /* ReactiveReSwift.framework */; };
		25DBCF931C30C4F000D63A58 /* Action.swift in Sources */ = {isa = PBXBuildFile; fileRef = 625E66B61C1FFC880027C288 /* Action.swift */; };
		25DBCF951C30C4F000D63A58 /* Reducer.swift in Sources */ = {isa = PBXBuildFile; fileRef = 625E66B81C1FFC880027C288 /* Reducer.swift */; };
		25DBCF9E1C30C50000D63A58 /* ReducerTests.swift in Sources */ = {isa = PBXBuildFile; fileRef = 621C06851C277759008029AE /* ReducerTests.swift */; };
		25DBCFA01C30C50000D63A58 /* TestFakes.swift in Sources */ = {isa = PBXBuildFile; fileRef = 259737FA1C2C618A00869B8F /* TestFakes.swift */; };
		621C06861C277759008029AE /* ReducerTests.swift in Sources */ = {isa = PBXBuildFile; fileRef = 621C06851C277759008029AE /* ReducerTests.swift */; };
		625E66871C1FF97E0027C288 /* ReactiveReSwift.h in Headers */ = {isa = PBXBuildFile; fileRef = 625E66861C1FF97E0027C288 /* ReactiveReSwift.h */; settings = {ATTRIBUTES = (Public, ); }; };
		625E669F1C1FFA3C0027C288 /* ReactiveReSwift.framework in Frameworks */ = {isa = PBXBuildFile; fileRef = 625E66831C1FF97E0027C288 /* ReactiveReSwift.framework */; };
		625E66BC1C1FFC880027C288 /* Action.swift in Sources */ = {isa = PBXBuildFile; fileRef = 625E66B61C1FFC880027C288 /* Action.swift */; };
		625E66BE1C1FFC880027C288 /* Reducer.swift in Sources */ = {isa = PBXBuildFile; fileRef = 625E66B81C1FFC880027C288 /* Reducer.swift */; };
		9E1F6E7E1DDD190B00912955 /* Store.swift in Sources */ = {isa = PBXBuildFile; fileRef = 9E1F6E7B1DDD190B00912955 /* Store.swift */; };
		9E1F6E7F1DDD190B00912955 /* Store.swift in Sources */ = {isa = PBXBuildFile; fileRef = 9E1F6E7B1DDD190B00912955 /* Store.swift */; };
		9E1F6E801DDD190B00912955 /* Store.swift in Sources */ = {isa = PBXBuildFile; fileRef = 9E1F6E7B1DDD190B00912955 /* Store.swift */; };
		9E1F6E811DDD190B00912955 /* Store.swift in Sources */ = {isa = PBXBuildFile; fileRef = 9E1F6E7B1DDD190B00912955 /* Store.swift */; };
		9E1F6F261DE7C01F00912955 /* MiddlewareFakes.swift in Sources */ = {isa = PBXBuildFile; fileRef = 9E1F6F251DE7C01F00912955 /* MiddlewareFakes.swift */; };
		9E1F6F271DE7C01F00912955 /* MiddlewareFakes.swift in Sources */ = {isa = PBXBuildFile; fileRef = 9E1F6F251DE7C01F00912955 /* MiddlewareFakes.swift */; };
		9E1F6F281DE7C01F00912955 /* MiddlewareFakes.swift in Sources */ = {isa = PBXBuildFile; fileRef = 9E1F6F251DE7C01F00912955 /* MiddlewareFakes.swift */; };
		9E1F6F481DE7D15200912955 /* StoreDispatchTests.swift in Sources */ = {isa = PBXBuildFile; fileRef = 9E1F6F3F1DE7D15200912955 /* StoreDispatchTests.swift */; };
		9E1F6F491DE7D15200912955 /* StoreDispatchTests.swift in Sources */ = {isa = PBXBuildFile; fileRef = 9E1F6F3F1DE7D15200912955 /* StoreDispatchTests.swift */; };
		9E1F6F4A1DE7D15200912955 /* StoreDispatchTests.swift in Sources */ = {isa = PBXBuildFile; fileRef = 9E1F6F3F1DE7D15200912955 /* StoreDispatchTests.swift */; };
		9E1F6F4B1DE7D15200912955 /* StoreMiddlewareTests.swift in Sources */ = {isa = PBXBuildFile; fileRef = 9E1F6F401DE7D15200912955 /* StoreMiddlewareTests.swift */; };
		9E1F6F4C1DE7D15200912955 /* StoreMiddlewareTests.swift in Sources */ = {isa = PBXBuildFile; fileRef = 9E1F6F401DE7D15200912955 /* StoreMiddlewareTests.swift */; };
		9E1F6F4D1DE7D15200912955 /* StoreMiddlewareTests.swift in Sources */ = {isa = PBXBuildFile; fileRef = 9E1F6F401DE7D15200912955 /* StoreMiddlewareTests.swift */; };
		9E1F6F4E1DE7D15200912955 /* StoreTests.swift in Sources */ = {isa = PBXBuildFile; fileRef = 9E1F6F411DE7D15200912955 /* StoreTests.swift */; };
		9E1F6F4F1DE7D15200912955 /* StoreTests.swift in Sources */ = {isa = PBXBuildFile; fileRef = 9E1F6F411DE7D15200912955 /* StoreTests.swift */; };
		9E1F6F501DE7D15200912955 /* StoreTests.swift in Sources */ = {isa = PBXBuildFile; fileRef = 9E1F6F411DE7D15200912955 /* StoreTests.swift */; };
		9E1F6F571DE7D15200912955 /* ReactiveTests.swift in Sources */ = {isa = PBXBuildFile; fileRef = 9E1F6F441DE7D15200912955 /* ReactiveTests.swift */; };
		9E1F6F581DE7D15200912955 /* ReactiveTests.swift in Sources */ = {isa = PBXBuildFile; fileRef = 9E1F6F441DE7D15200912955 /* ReactiveTests.swift */; };
		9E1F6F591DE7D15200912955 /* ReactiveTests.swift in Sources */ = {isa = PBXBuildFile; fileRef = 9E1F6F441DE7D15200912955 /* ReactiveTests.swift */; };
		9E1F6F6B1DECFFCA00912955 /* ReactiveReSwift.h in Headers */ = {isa = PBXBuildFile; fileRef = 625E66861C1FF97E0027C288 /* ReactiveReSwift.h */; settings = {ATTRIBUTES = (Public, ); }; };
		9E1F6F6C1DECFFCC00912955 /* ReactiveReSwift.h in Headers */ = {isa = PBXBuildFile; fileRef = 625E66861C1FF97E0027C288 /* ReactiveReSwift.h */; settings = {ATTRIBUTES = (Public, ); }; };
		9E1F6F6D1DECFFCF00912955 /* ReactiveReSwift.h in Headers */ = {isa = PBXBuildFile; fileRef = 625E66861C1FF97E0027C288 /* ReactiveReSwift.h */; settings = {ATTRIBUTES = (Public, ); }; };
		9E1F6F801DED0CB000912955 /* SubscriptionReferenceType.swift in Sources */ = {isa = PBXBuildFile; fileRef = 9E1F6F7F1DED0CB000912955 /* SubscriptionReferenceType.swift */; };
		9E1F6F811DED0CB000912955 /* SubscriptionReferenceType.swift in Sources */ = {isa = PBXBuildFile; fileRef = 9E1F6F7F1DED0CB000912955 /* SubscriptionReferenceType.swift */; };
		9E1F6F821DED0CB000912955 /* SubscriptionReferenceType.swift in Sources */ = {isa = PBXBuildFile; fileRef = 9E1F6F7F1DED0CB000912955 /* SubscriptionReferenceType.swift */; };
		9E1F6F831DED0CB000912955 /* SubscriptionReferenceType.swift in Sources */ = {isa = PBXBuildFile; fileRef = 9E1F6F7F1DED0CB000912955 /* SubscriptionReferenceType.swift */; };
		9E1F6F851DED0CEA00912955 /* ObservableProperty.swift in Sources */ = {isa = PBXBuildFile; fileRef = 9E1F6F841DED0CEA00912955 /* ObservableProperty.swift */; };
		9E1F6F861DED0CEA00912955 /* ObservableProperty.swift in Sources */ = {isa = PBXBuildFile; fileRef = 9E1F6F841DED0CEA00912955 /* ObservableProperty.swift */; };
		9E1F6F871DED0CEA00912955 /* ObservableProperty.swift in Sources */ = {isa = PBXBuildFile; fileRef = 9E1F6F841DED0CEA00912955 /* ObservableProperty.swift */; };
		9E1F6F881DED0CEA00912955 /* ObservableProperty.swift in Sources */ = {isa = PBXBuildFile; fileRef = 9E1F6F841DED0CEA00912955 /* ObservableProperty.swift */; };
		9E1F6F8A1DED0D1100912955 /* ObservablePropertySubscriptionReference.swift in Sources */ = {isa = PBXBuildFile; fileRef = 9E1F6F891DED0D1100912955 /* ObservablePropertySubscriptionReference.swift */; };
		9E1F6F8B1DED0D1100912955 /* ObservablePropertySubscriptionReference.swift in Sources */ = {isa = PBXBuildFile; fileRef = 9E1F6F891DED0D1100912955 /* ObservablePropertySubscriptionReference.swift */; };
		9E1F6F8C1DED0D1100912955 /* ObservablePropertySubscriptionReference.swift in Sources */ = {isa = PBXBuildFile; fileRef = 9E1F6F891DED0D1100912955 /* ObservablePropertySubscriptionReference.swift */; };
		9E1F6F8D1DED0D1100912955 /* ObservablePropertySubscriptionReference.swift in Sources */ = {isa = PBXBuildFile; fileRef = 9E1F6F891DED0D1100912955 /* ObservablePropertySubscriptionReference.swift */; };
		9E1F6F8F1DED0D5400912955 /* SubscriptionReferenceBag.swift in Sources */ = {isa = PBXBuildFile; fileRef = 9E1F6F8E1DED0D5400912955 /* SubscriptionReferenceBag.swift */; };
		9E1F6F901DED0D5400912955 /* SubscriptionReferenceBag.swift in Sources */ = {isa = PBXBuildFile; fileRef = 9E1F6F8E1DED0D5400912955 /* SubscriptionReferenceBag.swift */; };
		9E1F6F911DED0D5400912955 /* SubscriptionReferenceBag.swift in Sources */ = {isa = PBXBuildFile; fileRef = 9E1F6F8E1DED0D5400912955 /* SubscriptionReferenceBag.swift */; };
		9E1F6F921DED0D5400912955 /* SubscriptionReferenceBag.swift in Sources */ = {isa = PBXBuildFile; fileRef = 9E1F6F8E1DED0D5400912955 /* SubscriptionReferenceBag.swift */; };
		9E1F6F9C1DED120A00912955 /* ObservablePropertyType.swift in Sources */ = {isa = PBXBuildFile; fileRef = 9E1F6F9A1DED120A00912955 /* ObservablePropertyType.swift */; };
		9E1F6F9D1DED120A00912955 /* ObservablePropertyType.swift in Sources */ = {isa = PBXBuildFile; fileRef = 9E1F6F9A1DED120A00912955 /* ObservablePropertyType.swift */; };
		9E1F6F9E1DED120A00912955 /* ObservablePropertyType.swift in Sources */ = {isa = PBXBuildFile; fileRef = 9E1F6F9A1DED120A00912955 /* ObservablePropertyType.swift */; };
		9E1F6F9F1DED120A00912955 /* ObservablePropertyType.swift in Sources */ = {isa = PBXBuildFile; fileRef = 9E1F6F9A1DED120A00912955 /* ObservablePropertyType.swift */; };
		9E1F6FA01DED120A00912955 /* StreamType.swift in Sources */ = {isa = PBXBuildFile; fileRef = 9E1F6F9B1DED120A00912955 /* StreamType.swift */; };
		9E1F6FA11DED120A00912955 /* StreamType.swift in Sources */ = {isa = PBXBuildFile; fileRef = 9E1F6F9B1DED120A00912955 /* StreamType.swift */; };
		9E1F6FA21DED120A00912955 /* StreamType.swift in Sources */ = {isa = PBXBuildFile; fileRef = 9E1F6F9B1DED120A00912955 /* StreamType.swift */; };
		9E1F6FA31DED120A00912955 /* StreamType.swift in Sources */ = {isa = PBXBuildFile; fileRef = 9E1F6F9B1DED120A00912955 /* StreamType.swift */; };
		9E1F6FB91DEE810400912955 /* Middleware.swift in Sources */ = {isa = PBXBuildFile; fileRef = 9E1F6FB81DEE810400912955 /* Middleware.swift */; };
		9E1F6FBA1DEE810400912955 /* Middleware.swift in Sources */ = {isa = PBXBuildFile; fileRef = 9E1F6FB81DEE810400912955 /* Middleware.swift */; };
		9E1F6FBB1DEE810400912955 /* Middleware.swift in Sources */ = {isa = PBXBuildFile; fileRef = 9E1F6FB81DEE810400912955 /* Middleware.swift */; };
		9E1F6FBC1DEE810400912955 /* Middleware.swift in Sources */ = {isa = PBXBuildFile; fileRef = 9E1F6FB81DEE810400912955 /* Middleware.swift */; };
		FC03AA1B1E26BF330034FBFA /* StandardActionTests.swift in Sources */ = {isa = PBXBuildFile; fileRef = FC03AA1A1E26BF330034FBFA /* StandardActionTests.swift */; };
		FC03AA1C1E26BF330034FBFA /* StandardActionTests.swift in Sources */ = {isa = PBXBuildFile; fileRef = FC03AA1A1E26BF330034FBFA /* StandardActionTests.swift */; };
		FC03AA1D1E26BF330034FBFA /* StandardActionTests.swift in Sources */ = {isa = PBXBuildFile; fileRef = FC03AA1A1E26BF330034FBFA /* StandardActionTests.swift */; };
		FC15F3FB1E21C72100CF4886 /* Coding.swift in Sources */ = {isa = PBXBuildFile; fileRef = FC15F3FA1E21C72100CF4886 /* Coding.swift */; };
		FC15F3FC1E21C72100CF4886 /* Coding.swift in Sources */ = {isa = PBXBuildFile; fileRef = FC15F3FA1E21C72100CF4886 /* Coding.swift */; };
		FC15F3FD1E21C72100CF4886 /* Coding.swift in Sources */ = {isa = PBXBuildFile; fileRef = FC15F3FA1E21C72100CF4886 /* Coding.swift */; };
		FC15F3FE1E21C72100CF4886 /* Coding.swift in Sources */ = {isa = PBXBuildFile; fileRef = FC15F3FA1E21C72100CF4886 /* Coding.swift */; };
/* End PBXBuildFile section */

/* Begin PBXContainerItemProxy section */
		25DBCF6A1C30C1AC00D63A58 /* PBXContainerItemProxy */ = {
			isa = PBXContainerItemProxy;
			containerPortal = 625E667A1C1FF97E0027C288 /* Project object */;
			proxyType = 1;
			remoteGlobalIDString = 25DBCF4D1C30C18D00D63A58;
			remoteInfo = "ReSwift-tvOS";
		};
		25DBCF8D1C30C4DB00D63A58 /* PBXContainerItemProxy */ = {
			isa = PBXContainerItemProxy;
			containerPortal = 625E667A1C1FF97E0027C288 /* Project object */;
			proxyType = 1;
			remoteGlobalIDString = 25DBCF7A1C30C4AA00D63A58;
			remoteInfo = "ReSwift-Mac";
		};
		625E66A01C1FFA3C0027C288 /* PBXContainerItemProxy */ = {
			isa = PBXContainerItemProxy;
			containerPortal = 625E667A1C1FF97E0027C288 /* Project object */;
			proxyType = 1;
			remoteGlobalIDString = 625E66821C1FF97E0027C288;
			remoteInfo = ReSwift;
		};
/* End PBXContainerItemProxy section */

/* Begin PBXFileReference section */
		259737FA1C2C618A00869B8F /* TestFakes.swift */ = {isa = PBXFileReference; fileEncoding = 4; lastKnownFileType = sourcecode.swift; path = TestFakes.swift; sourceTree = "<group>"; };
		25DBCF371C30BF2B00D63A58 /* ReactiveReSwift.framework */ = {isa = PBXFileReference; explicitFileType = wrapper.framework; includeInIndex = 0; path = ReactiveReSwift.framework; sourceTree = BUILT_PRODUCTS_DIR; };
		25DBCF4E1C30C18D00D63A58 /* ReactiveReSwift.framework */ = {isa = PBXFileReference; explicitFileType = wrapper.framework; includeInIndex = 0; path = ReactiveReSwift.framework; sourceTree = BUILT_PRODUCTS_DIR; };
		25DBCF641C30C1AC00D63A58 /* ReactiveReSwift-tvOSTests.xctest */ = {isa = PBXFileReference; explicitFileType = wrapper.cfbundle; includeInIndex = 0; path = "ReactiveReSwift-tvOSTests.xctest"; sourceTree = BUILT_PRODUCTS_DIR; };
		25DBCF7B1C30C4AA00D63A58 /* ReactiveReSwift.framework */ = {isa = PBXFileReference; explicitFileType = wrapper.framework; includeInIndex = 0; path = ReactiveReSwift.framework; sourceTree = BUILT_PRODUCTS_DIR; };
		25DBCF871C30C4DB00D63A58 /* ReactiveReSwift-macOSTests.xctest */ = {isa = PBXFileReference; explicitFileType = wrapper.cfbundle; includeInIndex = 0; path = "ReactiveReSwift-macOSTests.xctest"; sourceTree = BUILT_PRODUCTS_DIR; };
		621C06851C277759008029AE /* ReducerTests.swift */ = {isa = PBXFileReference; fileEncoding = 4; lastKnownFileType = sourcecode.swift; path = ReducerTests.swift; sourceTree = "<group>"; };
		625E66831C1FF97E0027C288 /* ReactiveReSwift.framework */ = {isa = PBXFileReference; explicitFileType = wrapper.framework; includeInIndex = 0; path = ReactiveReSwift.framework; sourceTree = BUILT_PRODUCTS_DIR; };
		625E66861C1FF97E0027C288 /* ReactiveReSwift.h */ = {isa = PBXFileReference; lastKnownFileType = sourcecode.c.h; path = ReactiveReSwift.h; sourceTree = "<group>"; };
		625E66881C1FF97E0027C288 /* Info.plist */ = {isa = PBXFileReference; lastKnownFileType = text.plist.xml; path = Info.plist; sourceTree = "<group>"; };
		625E669A1C1FFA3C0027C288 /* ReactiveReSwift-iOSTests.xctest */ = {isa = PBXFileReference; explicitFileType = wrapper.cfbundle; includeInIndex = 0; path = "ReactiveReSwift-iOSTests.xctest"; sourceTree = BUILT_PRODUCTS_DIR; };
		625E669E1C1FFA3C0027C288 /* Info.plist */ = {isa = PBXFileReference; lastKnownFileType = text.plist.xml; path = Info.plist; sourceTree = "<group>"; };
		625E66B61C1FFC880027C288 /* Action.swift */ = {isa = PBXFileReference; fileEncoding = 4; lastKnownFileType = sourcecode.swift; path = Action.swift; sourceTree = "<group>"; };
		625E66B81C1FFC880027C288 /* Reducer.swift */ = {isa = PBXFileReference; fileEncoding = 4; lastKnownFileType = sourcecode.swift; path = Reducer.swift; sourceTree = "<group>"; };
		9E1F6E7B1DDD190B00912955 /* Store.swift */ = {isa = PBXFileReference; fileEncoding = 4; lastKnownFileType = sourcecode.swift; path = Store.swift; sourceTree = "<group>"; };
		9E1F6F251DE7C01F00912955 /* MiddlewareFakes.swift */ = {isa = PBXFileReference; fileEncoding = 4; lastKnownFileType = sourcecode.swift; path = MiddlewareFakes.swift; sourceTree = "<group>"; };
		9E1F6F3F1DE7D15200912955 /* StoreDispatchTests.swift */ = {isa = PBXFileReference; fileEncoding = 4; lastKnownFileType = sourcecode.swift; name = StoreDispatchTests.swift; path = Observable/StoreDispatchTests.swift; sourceTree = "<group>"; };
		9E1F6F401DE7D15200912955 /* StoreMiddlewareTests.swift */ = {isa = PBXFileReference; fileEncoding = 4; lastKnownFileType = sourcecode.swift; name = StoreMiddlewareTests.swift; path = Observable/StoreMiddlewareTests.swift; sourceTree = "<group>"; };
		9E1F6F411DE7D15200912955 /* StoreTests.swift */ = {isa = PBXFileReference; fileEncoding = 4; lastKnownFileType = sourcecode.swift; name = StoreTests.swift; path = Observable/StoreTests.swift; sourceTree = "<group>"; };
		9E1F6F441DE7D15200912955 /* ReactiveTests.swift */ = {isa = PBXFileReference; fileEncoding = 4; lastKnownFileType = sourcecode.swift; name = ReactiveTests.swift; path = Observable/ReactiveTests.swift; sourceTree = "<group>"; };
		9E1F6F7F1DED0CB000912955 /* SubscriptionReferenceType.swift */ = {isa = PBXFileReference; fileEncoding = 4; lastKnownFileType = sourcecode.swift; path = SubscriptionReferenceType.swift; sourceTree = "<group>"; };
		9E1F6F841DED0CEA00912955 /* ObservableProperty.swift */ = {isa = PBXFileReference; fileEncoding = 4; lastKnownFileType = sourcecode.swift; path = ObservableProperty.swift; sourceTree = "<group>"; };
		9E1F6F891DED0D1100912955 /* ObservablePropertySubscriptionReference.swift */ = {isa = PBXFileReference; fileEncoding = 4; lastKnownFileType = sourcecode.swift; path = ObservablePropertySubscriptionReference.swift; sourceTree = "<group>"; };
		9E1F6F8E1DED0D5400912955 /* SubscriptionReferenceBag.swift */ = {isa = PBXFileReference; fileEncoding = 4; lastKnownFileType = sourcecode.swift; path = SubscriptionReferenceBag.swift; sourceTree = "<group>"; };
		9E1F6F9A1DED120A00912955 /* ObservablePropertyType.swift */ = {isa = PBXFileReference; fileEncoding = 4; lastKnownFileType = sourcecode.swift; path = ObservablePropertyType.swift; sourceTree = "<group>"; };
		9E1F6F9B1DED120A00912955 /* StreamType.swift */ = {isa = PBXFileReference; fileEncoding = 4; lastKnownFileType = sourcecode.swift; path = StreamType.swift; sourceTree = "<group>"; };
		9E1F6FB81DEE810400912955 /* Middleware.swift */ = {isa = PBXFileReference; fileEncoding = 4; lastKnownFileType = sourcecode.swift; path = Middleware.swift; sourceTree = "<group>"; };
		FC03AA1A1E26BF330034FBFA /* StandardActionTests.swift */ = {isa = PBXFileReference; fileEncoding = 4; lastKnownFileType = sourcecode.swift; path = StandardActionTests.swift; sourceTree = "<group>"; };
		FC15F3FA1E21C72100CF4886 /* Coding.swift */ = {isa = PBXFileReference; fileEncoding = 4; lastKnownFileType = sourcecode.swift; path = Coding.swift; sourceTree = "<group>"; };
/* End PBXFileReference section */

/* Begin PBXFrameworksBuildPhase section */
		25DBCF331C30BF2B00D63A58 /* Frameworks */ = {
			isa = PBXFrameworksBuildPhase;
			buildActionMask = 2147483647;
			files = (
			);
			runOnlyForDeploymentPostprocessing = 0;
		};
		25DBCF4A1C30C18D00D63A58 /* Frameworks */ = {
			isa = PBXFrameworksBuildPhase;
			buildActionMask = 2147483647;
			files = (
			);
			runOnlyForDeploymentPostprocessing = 0;
		};
		25DBCF611C30C1AC00D63A58 /* Frameworks */ = {
			isa = PBXFrameworksBuildPhase;
			buildActionMask = 2147483647;
			files = (
				25DBCF691C30C1AC00D63A58 /* ReactiveReSwift.framework in Frameworks */,
			);
			runOnlyForDeploymentPostprocessing = 0;
		};
		25DBCF771C30C4AA00D63A58 /* Frameworks */ = {
			isa = PBXFrameworksBuildPhase;
			buildActionMask = 2147483647;
			files = (
			);
			runOnlyForDeploymentPostprocessing = 0;
		};
		25DBCF841C30C4DB00D63A58 /* Frameworks */ = {
			isa = PBXFrameworksBuildPhase;
			buildActionMask = 2147483647;
			files = (
				25DBCF8C1C30C4DB00D63A58 /* ReactiveReSwift.framework in Frameworks */,
			);
			runOnlyForDeploymentPostprocessing = 0;
		};
		625E667F1C1FF97E0027C288 /* Frameworks */ = {
			isa = PBXFrameworksBuildPhase;
			buildActionMask = 2147483647;
			files = (
			);
			runOnlyForDeploymentPostprocessing = 0;
		};
		625E66971C1FFA3C0027C288 /* Frameworks */ = {
			isa = PBXFrameworksBuildPhase;
			buildActionMask = 2147483647;
			files = (
				625E669F1C1FFA3C0027C288 /* ReactiveReSwift.framework in Frameworks */,
			);
			runOnlyForDeploymentPostprocessing = 0;
		};
/* End PBXFrameworksBuildPhase section */

/* Begin PBXGroup section */
		625E66791C1FF97E0027C288 = {
			isa = PBXGroup;
			children = (
				625E66851C1FF97E0027C288 /* Sources */,
				625E669B1C1FFA3C0027C288 /* Tests */,
				625E66841C1FF97E0027C288 /* Products */,
			);
			sourceTree = "<group>";
		};
		625E66841C1FF97E0027C288 /* Products */ = {
			isa = PBXGroup;
			children = (
				625E66831C1FF97E0027C288 /* ReactiveReSwift.framework */,
				625E669A1C1FFA3C0027C288 /* ReactiveReSwift-iOSTests.xctest */,
				25DBCF371C30BF2B00D63A58 /* ReactiveReSwift.framework */,
				25DBCF4E1C30C18D00D63A58 /* ReactiveReSwift.framework */,
				25DBCF641C30C1AC00D63A58 /* ReactiveReSwift-tvOSTests.xctest */,
				25DBCF7B1C30C4AA00D63A58 /* ReactiveReSwift.framework */,
				25DBCF871C30C4DB00D63A58 /* ReactiveReSwift-macOSTests.xctest */,
			);
			name = Products;
			sourceTree = "<group>";
		};
		625E66851C1FF97E0027C288 /* Sources */ = {
			isa = PBXGroup;
			children = (
				625E66861C1FF97E0027C288 /* ReactiveReSwift.h */,
				625E66881C1FF97E0027C288 /* Info.plist */,
				FC15F3F91E21C6C500CF4886 /* Utils */,
				625E66B51C1FFC880027C288 /* CoreTypes */,
				9E1F6F7E1DED0C4D00912955 /* Reactive */,
			);
			path = Sources;
			sourceTree = "<group>";
		};
		625E669B1C1FFA3C0027C288 /* Tests */ = {
			isa = PBXGroup;
			children = (
				625E669E1C1FFA3C0027C288 /* Info.plist */,
				621C06851C277759008029AE /* ReducerTests.swift */,
				9E1F6F251DE7C01F00912955 /* MiddlewareFakes.swift */,
				9E1F6F441DE7D15200912955 /* ReactiveTests.swift */,
				9E1F6F3F1DE7D15200912955 /* StoreDispatchTests.swift */,
				9E1F6F401DE7D15200912955 /* StoreMiddlewareTests.swift */,
				9E1F6F411DE7D15200912955 /* StoreTests.swift */,
				259737FA1C2C618A00869B8F /* TestFakes.swift */,
				FC03AA1A1E26BF330034FBFA /* StandardActionTests.swift */,
			);
			path = Tests;
			sourceTree = "<group>";
		};
		625E66B51C1FFC880027C288 /* CoreTypes */ = {
			isa = PBXGroup;
			children = (
				625E66B61C1FFC880027C288 /* Action.swift */,
				9E1F6FB81DEE810400912955 /* Middleware.swift */,
				9E1F6E7B1DDD190B00912955 /* Store.swift */,
				625E66B81C1FFC880027C288 /* Reducer.swift */,
			);
			path = CoreTypes;
			sourceTree = "<group>";
		};
		9E1F6F7E1DED0C4D00912955 /* Reactive */ = {
			isa = PBXGroup;
			children = (
				9E1F6F841DED0CEA00912955 /* ObservableProperty.swift */,
				9E1F6F9A1DED120A00912955 /* ObservablePropertyType.swift */,
				9E1F6F891DED0D1100912955 /* ObservablePropertySubscriptionReference.swift */,
				9E1F6F9B1DED120A00912955 /* StreamType.swift */,
				9E1F6F8E1DED0D5400912955 /* SubscriptionReferenceBag.swift */,
				9E1F6F7F1DED0CB000912955 /* SubscriptionReferenceType.swift */,
			);
			path = Reactive;
			sourceTree = "<group>";
		};
		FC15F3F91E21C6C500CF4886 /* Utils */ = {
			isa = PBXGroup;
			children = (
				FC15F3FA1E21C72100CF4886 /* Coding.swift */,
			);
			path = Utils;
			sourceTree = "<group>";
		};
/* End PBXGroup section */

/* Begin PBXHeadersBuildPhase section */
		25DBCF341C30BF2B00D63A58 /* Headers */ = {
			isa = PBXHeadersBuildPhase;
			buildActionMask = 2147483647;
			files = (
				9E1F6F6D1DECFFCF00912955 /* ReactiveReSwift.h in Headers */,
			);
			runOnlyForDeploymentPostprocessing = 0;
		};
		25DBCF4B1C30C18D00D63A58 /* Headers */ = {
			isa = PBXHeadersBuildPhase;
			buildActionMask = 2147483647;
			files = (
				9E1F6F6C1DECFFCC00912955 /* ReactiveReSwift.h in Headers */,
			);
			runOnlyForDeploymentPostprocessing = 0;
		};
		25DBCF781C30C4AA00D63A58 /* Headers */ = {
			isa = PBXHeadersBuildPhase;
			buildActionMask = 2147483647;
			files = (
				9E1F6F6B1DECFFCA00912955 /* ReactiveReSwift.h in Headers */,
			);
			runOnlyForDeploymentPostprocessing = 0;
		};
		625E66801C1FF97E0027C288 /* Headers */ = {
			isa = PBXHeadersBuildPhase;
			buildActionMask = 2147483647;
			files = (
				625E66871C1FF97E0027C288 /* ReactiveReSwift.h in Headers */,
			);
			runOnlyForDeploymentPostprocessing = 0;
		};
/* End PBXHeadersBuildPhase section */

/* Begin PBXNativeTarget section */
		25DBCF361C30BF2B00D63A58 /* ReactiveReSwift-watchOS */ = {
			isa = PBXNativeTarget;
			buildConfigurationList = 25DBCF3C1C30BF2B00D63A58 /* Build configuration list for PBXNativeTarget "ReactiveReSwift-watchOS" */;
			buildPhases = (
				25DBCF321C30BF2B00D63A58 /* Sources */,
				25DBCF331C30BF2B00D63A58 /* Frameworks */,
				25DBCF341C30BF2B00D63A58 /* Headers */,
				25DBCF351C30BF2B00D63A58 /* Resources */,
			);
			buildRules = (
			);
			dependencies = (
			);
			name = "ReactiveReSwift-watchOS";
			productName = "ReSwift-watchOS";
			productReference = 25DBCF371C30BF2B00D63A58 /* ReactiveReSwift.framework */;
			productType = "com.apple.product-type.framework";
		};
		25DBCF4D1C30C18D00D63A58 /* ReactiveReSwift-tvOS */ = {
			isa = PBXNativeTarget;
			buildConfigurationList = 25DBCF531C30C18D00D63A58 /* Build configuration list for PBXNativeTarget "ReactiveReSwift-tvOS" */;
			buildPhases = (
				25DBCF491C30C18D00D63A58 /* Sources */,
				25DBCF4A1C30C18D00D63A58 /* Frameworks */,
				25DBCF4B1C30C18D00D63A58 /* Headers */,
				25DBCF4C1C30C18D00D63A58 /* Resources */,
			);
			buildRules = (
			);
			dependencies = (
			);
			name = "ReactiveReSwift-tvOS";
			productName = "ReSwift-tvOS";
			productReference = 25DBCF4E1C30C18D00D63A58 /* ReactiveReSwift.framework */;
			productType = "com.apple.product-type.framework";
		};
		25DBCF631C30C1AC00D63A58 /* ReactiveReSwift-tvOSTests */ = {
			isa = PBXNativeTarget;
			buildConfigurationList = 25DBCF6C1C30C1AC00D63A58 /* Build configuration list for PBXNativeTarget "ReactiveReSwift-tvOSTests" */;
			buildPhases = (
				25DBCF601C30C1AC00D63A58 /* Sources */,
				25DBCF611C30C1AC00D63A58 /* Frameworks */,
				25DBCF621C30C1AC00D63A58 /* Resources */,
			);
			buildRules = (
			);
			dependencies = (
				25DBCF6B1C30C1AC00D63A58 /* PBXTargetDependency */,
			);
			name = "ReactiveReSwift-tvOSTests";
			productName = "ReSwift-tvOSTests";
			productReference = 25DBCF641C30C1AC00D63A58 /* ReactiveReSwift-tvOSTests.xctest */;
			productType = "com.apple.product-type.bundle.unit-test";
		};
		25DBCF7A1C30C4AA00D63A58 /* ReactiveReSwift-macOS */ = {
			isa = PBXNativeTarget;
			buildConfigurationList = 25DBCF801C30C4AA00D63A58 /* Build configuration list for PBXNativeTarget "ReactiveReSwift-macOS" */;
			buildPhases = (
				25DBCF761C30C4AA00D63A58 /* Sources */,
				25DBCF771C30C4AA00D63A58 /* Frameworks */,
				25DBCF781C30C4AA00D63A58 /* Headers */,
				25DBCF791C30C4AA00D63A58 /* Resources */,
				73E545D31D22B0D600D114E8 /* SwiftLint */,
			);
			buildRules = (
			);
			dependencies = (
			);
			name = "ReactiveReSwift-macOS";
			productName = "ReSwift-Mac";
			productReference = 25DBCF7B1C30C4AA00D63A58 /* ReactiveReSwift.framework */;
			productType = "com.apple.product-type.framework";
		};
		25DBCF861C30C4DB00D63A58 /* ReactiveReSwift-macOSTests */ = {
			isa = PBXNativeTarget;
			buildConfigurationList = 25DBCF8F1C30C4DB00D63A58 /* Build configuration list for PBXNativeTarget "ReactiveReSwift-macOSTests" */;
			buildPhases = (
				25DBCF831C30C4DB00D63A58 /* Sources */,
				25DBCF841C30C4DB00D63A58 /* Frameworks */,
				25DBCF851C30C4DB00D63A58 /* Resources */,
			);
			buildRules = (
			);
			dependencies = (
				25DBCF8E1C30C4DB00D63A58 /* PBXTargetDependency */,
			);
			name = "ReactiveReSwift-macOSTests";
			productName = "ReSwift-MacTests";
			productReference = 25DBCF871C30C4DB00D63A58 /* ReactiveReSwift-macOSTests.xctest */;
			productType = "com.apple.product-type.bundle.unit-test";
		};
		625E66821C1FF97E0027C288 /* ReactiveReSwift-iOS */ = {
			isa = PBXNativeTarget;
			buildConfigurationList = 625E668B1C1FF97E0027C288 /* Build configuration list for PBXNativeTarget "ReactiveReSwift-iOS" */;
			buildPhases = (
				625E667E1C1FF97E0027C288 /* Sources */,
				625E667F1C1FF97E0027C288 /* Frameworks */,
				625E66801C1FF97E0027C288 /* Headers */,
				625E66811C1FF97E0027C288 /* Resources */,
				621C06541C277459008029AE /* SwiftLint */,
			);
			buildRules = (
			);
			dependencies = (
			);
			name = "ReactiveReSwift-iOS";
			productName = ReSwift;
			productReference = 625E66831C1FF97E0027C288 /* ReactiveReSwift.framework */;
			productType = "com.apple.product-type.framework";
		};
		625E66991C1FFA3C0027C288 /* ReactiveReSwift-iOSTests */ = {
			isa = PBXNativeTarget;
			buildConfigurationList = 625E66A21C1FFA3C0027C288 /* Build configuration list for PBXNativeTarget "ReactiveReSwift-iOSTests" */;
			buildPhases = (
				625E66961C1FFA3C0027C288 /* Sources */,
				625E66971C1FFA3C0027C288 /* Frameworks */,
				625E66981C1FFA3C0027C288 /* Resources */,
			);
			buildRules = (
			);
			dependencies = (
				625E66A11C1FFA3C0027C288 /* PBXTargetDependency */,
			);
			name = "ReactiveReSwift-iOSTests";
			productName = ReSwiftTests;
			productReference = 625E669A1C1FFA3C0027C288 /* ReactiveReSwift-iOSTests.xctest */;
			productType = "com.apple.product-type.bundle.unit-test";
		};
/* End PBXNativeTarget section */

/* Begin PBXProject section */
		625E667A1C1FF97E0027C288 /* Project object */ = {
			isa = PBXProject;
			attributes = {
				LastSwiftUpdateCheck = 0720;
				LastUpgradeCheck = 1020;
				ORGANIZATIONNAME = "Benjamin Encz";
				TargetAttributes = {
					25DBCF361C30BF2B00D63A58 = {
						CreatedOnToolsVersion = 7.2;
						LastSwiftMigration = 1020;
					};
					25DBCF4D1C30C18D00D63A58 = {
						CreatedOnToolsVersion = 7.2;
						LastSwiftMigration = 1020;
					};
					25DBCF631C30C1AC00D63A58 = {
						CreatedOnToolsVersion = 7.2;
						LastSwiftMigration = 1020;
					};
					25DBCF7A1C30C4AA00D63A58 = {
						CreatedOnToolsVersion = 7.2;
						LastSwiftMigration = 1020;
					};
					25DBCF861C30C4DB00D63A58 = {
						CreatedOnToolsVersion = 7.2;
						LastSwiftMigration = 1020;
					};
					625E66821C1FF97E0027C288 = {
						CreatedOnToolsVersion = 7.1.1;
						LastSwiftMigration = 1020;
					};
					625E66991C1FFA3C0027C288 = {
						CreatedOnToolsVersion = 7.1.1;
						LastSwiftMigration = 1020;
					};
				};
			};
			buildConfigurationList = 625E667D1C1FF97E0027C288 /* Build configuration list for PBXProject "ReactiveReSwift" */;
			compatibilityVersion = "Xcode 3.2";
			developmentRegion = en;
			hasScannedForEncodings = 0;
			knownRegions = (
				en,
				Base,
			);
			mainGroup = 625E66791C1FF97E0027C288;
			productRefGroup = 625E66841C1FF97E0027C288 /* Products */;
			projectDirPath = "";
			projectRoot = "";
			targets = (
				625E66821C1FF97E0027C288 /* ReactiveReSwift-iOS */,
				625E66991C1FFA3C0027C288 /* ReactiveReSwift-iOSTests */,
				25DBCF7A1C30C4AA00D63A58 /* ReactiveReSwift-macOS */,
				25DBCF861C30C4DB00D63A58 /* ReactiveReSwift-macOSTests */,
				25DBCF4D1C30C18D00D63A58 /* ReactiveReSwift-tvOS */,
				25DBCF631C30C1AC00D63A58 /* ReactiveReSwift-tvOSTests */,
				25DBCF361C30BF2B00D63A58 /* ReactiveReSwift-watchOS */,
			);
		};
/* End PBXProject section */

/* Begin PBXResourcesBuildPhase section */
		25DBCF351C30BF2B00D63A58 /* Resources */ = {
			isa = PBXResourcesBuildPhase;
			buildActionMask = 2147483647;
			files = (
			);
			runOnlyForDeploymentPostprocessing = 0;
		};
		25DBCF4C1C30C18D00D63A58 /* Resources */ = {
			isa = PBXResourcesBuildPhase;
			buildActionMask = 2147483647;
			files = (
			);
			runOnlyForDeploymentPostprocessing = 0;
		};
		25DBCF621C30C1AC00D63A58 /* Resources */ = {
			isa = PBXResourcesBuildPhase;
			buildActionMask = 2147483647;
			files = (
			);
			runOnlyForDeploymentPostprocessing = 0;
		};
		25DBCF791C30C4AA00D63A58 /* Resources */ = {
			isa = PBXResourcesBuildPhase;
			buildActionMask = 2147483647;
			files = (
			);
			runOnlyForDeploymentPostprocessing = 0;
		};
		25DBCF851C30C4DB00D63A58 /* Resources */ = {
			isa = PBXResourcesBuildPhase;
			buildActionMask = 2147483647;
			files = (
			);
			runOnlyForDeploymentPostprocessing = 0;
		};
		625E66811C1FF97E0027C288 /* Resources */ = {
			isa = PBXResourcesBuildPhase;
			buildActionMask = 2147483647;
			files = (
			);
			runOnlyForDeploymentPostprocessing = 0;
		};
		625E66981C1FFA3C0027C288 /* Resources */ = {
			isa = PBXResourcesBuildPhase;
			buildActionMask = 2147483647;
			files = (
			);
			runOnlyForDeploymentPostprocessing = 0;
		};
/* End PBXResourcesBuildPhase section */

/* Begin PBXShellScriptBuildPhase section */
		621C06541C277459008029AE /* SwiftLint */ = {
			isa = PBXShellScriptBuildPhase;
			buildActionMask = 2147483647;
			files = (
			);
			inputPaths = (
			);
			name = SwiftLint;
			outputPaths = (
			);
			runOnlyForDeploymentPostprocessing = 0;
			shellPath = /bin/sh;
			shellScript = "if which swiftlint >/dev/null; then\n    swiftlint\nelse\n    echo \"SwiftLint does not exist, download from https://github.com/realm/SwiftLint\"\nfi";
		};
		73E545D31D22B0D600D114E8 /* SwiftLint */ = {
			isa = PBXShellScriptBuildPhase;
			buildActionMask = 2147483647;
			files = (
			);
			inputPaths = (
			);
			name = SwiftLint;
			outputPaths = (
			);
			runOnlyForDeploymentPostprocessing = 0;
			shellPath = /bin/sh;
			shellScript = "if which swiftlint >/dev/null; then\n    swiftlint\nelse\n    echo \"SwiftLint does not exist, download from https://github.com/realm/SwiftLint\"\nfi";
		};
/* End PBXShellScriptBuildPhase section */

/* Begin PBXSourcesBuildPhase section */
		25DBCF321C30BF2B00D63A58 /* Sources */ = {
			isa = PBXSourcesBuildPhase;
			buildActionMask = 2147483647;
			files = (
				25DBCF401C30C16000D63A58 /* Action.swift in Sources */,
				9E1F6F9F1DED120A00912955 /* ObservablePropertyType.swift in Sources */,
				9E1F6E811DDD190B00912955 /* Store.swift in Sources */,
				9E1F6F921DED0D5400912955 /* SubscriptionReferenceBag.swift in Sources */,
				25DBCF421C30C16000D63A58 /* Reducer.swift in Sources */,
				9E1F6FBC1DEE810400912955 /* Middleware.swift in Sources */,
				9E1F6F831DED0CB000912955 /* SubscriptionReferenceType.swift in Sources */,
				9E1F6FA31DED120A00912955 /* StreamType.swift in Sources */,
				9E1F6F8D1DED0D1100912955 /* ObservablePropertySubscriptionReference.swift in Sources */,
				9E1F6F881DED0CEA00912955 /* ObservableProperty.swift in Sources */,
				FC15F3FE1E21C72100CF4886 /* Coding.swift in Sources */,
			);
			runOnlyForDeploymentPostprocessing = 0;
		};
		25DBCF491C30C18D00D63A58 /* Sources */ = {
			isa = PBXSourcesBuildPhase;
			buildActionMask = 2147483647;
			files = (
				25DBCF571C30C19500D63A58 /* Action.swift in Sources */,
				9E1F6F9E1DED120A00912955 /* ObservablePropertyType.swift in Sources */,
				9E1F6E801DDD190B00912955 /* Store.swift in Sources */,
				9E1F6F911DED0D5400912955 /* SubscriptionReferenceBag.swift in Sources */,
				25DBCF591C30C19500D63A58 /* Reducer.swift in Sources */,
				9E1F6FBB1DEE810400912955 /* Middleware.swift in Sources */,
				9E1F6F821DED0CB000912955 /* SubscriptionReferenceType.swift in Sources */,
				9E1F6FA21DED120A00912955 /* StreamType.swift in Sources */,
				9E1F6F8C1DED0D1100912955 /* ObservablePropertySubscriptionReference.swift in Sources */,
				9E1F6F871DED0CEA00912955 /* ObservableProperty.swift in Sources */,
				FC15F3FD1E21C72100CF4886 /* Coding.swift in Sources */,
			);
			runOnlyForDeploymentPostprocessing = 0;
		};
		25DBCF601C30C1AC00D63A58 /* Sources */ = {
			isa = PBXSourcesBuildPhase;
			buildActionMask = 2147483647;
			files = (
				9E1F6F4D1DE7D15200912955 /* StoreMiddlewareTests.swift in Sources */,
				9E1F6F281DE7C01F00912955 /* MiddlewareFakes.swift in Sources */,
				9E1F6F4A1DE7D15200912955 /* StoreDispatchTests.swift in Sources */,
				9E1F6F501DE7D15200912955 /* StoreTests.swift in Sources */,
				25DBCF731C30C34000D63A58 /* ReducerTests.swift in Sources */,
				9E1F6F591DE7D15200912955 /* ReactiveTests.swift in Sources */,
				FC03AA1D1E26BF330034FBFA /* StandardActionTests.swift in Sources */,
				25DBCF751C30C34000D63A58 /* TestFakes.swift in Sources */,
			);
			runOnlyForDeploymentPostprocessing = 0;
		};
		25DBCF761C30C4AA00D63A58 /* Sources */ = {
			isa = PBXSourcesBuildPhase;
			buildActionMask = 2147483647;
			files = (
				25DBCF931C30C4F000D63A58 /* Action.swift in Sources */,
				9E1F6F9D1DED120A00912955 /* ObservablePropertyType.swift in Sources */,
				9E1F6E7F1DDD190B00912955 /* Store.swift in Sources */,
				9E1F6F901DED0D5400912955 /* SubscriptionReferenceBag.swift in Sources */,
				25DBCF951C30C4F000D63A58 /* Reducer.swift in Sources */,
				9E1F6FBA1DEE810400912955 /* Middleware.swift in Sources */,
				9E1F6F811DED0CB000912955 /* SubscriptionReferenceType.swift in Sources */,
				9E1F6FA11DED120A00912955 /* StreamType.swift in Sources */,
				9E1F6F8B1DED0D1100912955 /* ObservablePropertySubscriptionReference.swift in Sources */,
				9E1F6F861DED0CEA00912955 /* ObservableProperty.swift in Sources */,
				FC15F3FC1E21C72100CF4886 /* Coding.swift in Sources */,
			);
			runOnlyForDeploymentPostprocessing = 0;
		};
		25DBCF831C30C4DB00D63A58 /* Sources */ = {
			isa = PBXSourcesBuildPhase;
			buildActionMask = 2147483647;
			files = (
				9E1F6F4C1DE7D15200912955 /* StoreMiddlewareTests.swift in Sources */,
				9E1F6F271DE7C01F00912955 /* MiddlewareFakes.swift in Sources */,
				9E1F6F491DE7D15200912955 /* StoreDispatchTests.swift in Sources */,
				9E1F6F4F1DE7D15200912955 /* StoreTests.swift in Sources */,
				25DBCF9E1C30C50000D63A58 /* ReducerTests.swift in Sources */,
				9E1F6F581DE7D15200912955 /* ReactiveTests.swift in Sources */,
				FC03AA1C1E26BF330034FBFA /* StandardActionTests.swift in Sources */,
				25DBCFA01C30C50000D63A58 /* TestFakes.swift in Sources */,
			);
			runOnlyForDeploymentPostprocessing = 0;
		};
		625E667E1C1FF97E0027C288 /* Sources */ = {
			isa = PBXSourcesBuildPhase;
			buildActionMask = 2147483647;
			files = (
				9E1F6E7E1DDD190B00912955 /* Store.swift in Sources */,
				9E1F6F9C1DED120A00912955 /* ObservablePropertyType.swift in Sources */,
				625E66BC1C1FFC880027C288 /* Action.swift in Sources */,
				9E1F6F8F1DED0D5400912955 /* SubscriptionReferenceBag.swift in Sources */,
				9E1F6FB91DEE810400912955 /* Middleware.swift in Sources */,
				9E1F6F801DED0CB000912955 /* SubscriptionReferenceType.swift in Sources */,
				9E1F6FA01DED120A00912955 /* StreamType.swift in Sources */,
				9E1F6F8A1DED0D1100912955 /* ObservablePropertySubscriptionReference.swift in Sources */,
				9E1F6F851DED0CEA00912955 /* ObservableProperty.swift in Sources */,
				625E66BE1C1FFC880027C288 /* Reducer.swift in Sources */,
				FC15F3FB1E21C72100CF4886 /* Coding.swift in Sources */,
			);
			runOnlyForDeploymentPostprocessing = 0;
		};
		625E66961C1FFA3C0027C288 /* Sources */ = {
			isa = PBXSourcesBuildPhase;
			buildActionMask = 2147483647;
			files = (
				259737FB1C2C618A00869B8F /* TestFakes.swift in Sources */,
				9E1F6F4B1DE7D15200912955 /* StoreMiddlewareTests.swift in Sources */,
				9E1F6F261DE7C01F00912955 /* MiddlewareFakes.swift in Sources */,
				9E1F6F481DE7D15200912955 /* StoreDispatchTests.swift in Sources */,
				9E1F6F4E1DE7D15200912955 /* StoreTests.swift in Sources */,
				9E1F6F571DE7D15200912955 /* ReactiveTests.swift in Sources */,
				FC03AA1B1E26BF330034FBFA /* StandardActionTests.swift in Sources */,
				621C06861C277759008029AE /* ReducerTests.swift in Sources */,
			);
			runOnlyForDeploymentPostprocessing = 0;
		};
/* End PBXSourcesBuildPhase section */

/* Begin PBXTargetDependency section */
		25DBCF6B1C30C1AC00D63A58 /* PBXTargetDependency */ = {
			isa = PBXTargetDependency;
			target = 25DBCF4D1C30C18D00D63A58 /* ReactiveReSwift-tvOS */;
			targetProxy = 25DBCF6A1C30C1AC00D63A58 /* PBXContainerItemProxy */;
		};
		25DBCF8E1C30C4DB00D63A58 /* PBXTargetDependency */ = {
			isa = PBXTargetDependency;
			target = 25DBCF7A1C30C4AA00D63A58 /* ReactiveReSwift-macOS */;
			targetProxy = 25DBCF8D1C30C4DB00D63A58 /* PBXContainerItemProxy */;
		};
		625E66A11C1FFA3C0027C288 /* PBXTargetDependency */ = {
			isa = PBXTargetDependency;
			target = 625E66821C1FF97E0027C288 /* ReactiveReSwift-iOS */;
			targetProxy = 625E66A01C1FFA3C0027C288 /* PBXContainerItemProxy */;
		};
/* End PBXTargetDependency section */

/* Begin XCBuildConfiguration section */
		25DBCF3D1C30BF2B00D63A58 /* Debug */ = {
			isa = XCBuildConfiguration;
			buildSettings = {
				APPLICATION_EXTENSION_API_ONLY = YES;
				"CODE_SIGN_IDENTITY[sdk=watchos*]" = "";
				DEFINES_MODULE = YES;
				DYLIB_COMPATIBILITY_VERSION = 1;
				DYLIB_CURRENT_VERSION = 1;
				DYLIB_INSTALL_NAME_BASE = "@rpath";
				INFOPLIST_FILE = Sources/Info.plist;
				INSTALL_PATH = "$(LOCAL_LIBRARY_DIR)/Frameworks";
				LD_RUNPATH_SEARCH_PATHS = "$(inherited) @executable_path/Frameworks @loader_path/Frameworks";
				PRODUCT_BUNDLE_IDENTIFIER = reswift.github.io.ReactiveReSwift;
				PRODUCT_NAME = ReactiveReSwift;
				SDKROOT = watchos;
				SKIP_INSTALL = YES;
				SWIFT_VERSION = 5.0;
				TARGETED_DEVICE_FAMILY = 4;
			};
			name = Debug;
		};
		25DBCF3E1C30BF2B00D63A58 /* Release */ = {
			isa = XCBuildConfiguration;
			buildSettings = {
				APPLICATION_EXTENSION_API_ONLY = YES;
				"CODE_SIGN_IDENTITY[sdk=watchos*]" = "";
				DEFINES_MODULE = YES;
				DYLIB_COMPATIBILITY_VERSION = 1;
				DYLIB_CURRENT_VERSION = 1;
				DYLIB_INSTALL_NAME_BASE = "@rpath";
				INFOPLIST_FILE = Sources/Info.plist;
				INSTALL_PATH = "$(LOCAL_LIBRARY_DIR)/Frameworks";
				LD_RUNPATH_SEARCH_PATHS = "$(inherited) @executable_path/Frameworks @loader_path/Frameworks";
				PRODUCT_BUNDLE_IDENTIFIER = reswift.github.io.ReactiveReSwift;
				PRODUCT_NAME = ReactiveReSwift;
				SDKROOT = watchos;
				SKIP_INSTALL = YES;
				SWIFT_OPTIMIZATION_LEVEL = "-Owholemodule";
				SWIFT_VERSION = 5.0;
				TARGETED_DEVICE_FAMILY = 4;
			};
			name = Release;
		};
		25DBCF541C30C18D00D63A58 /* Debug */ = {
			isa = XCBuildConfiguration;
			buildSettings = {
				"CODE_SIGN_IDENTITY[sdk=appletvos*]" = "";
				DEFINES_MODULE = YES;
				DYLIB_COMPATIBILITY_VERSION = 1;
				DYLIB_CURRENT_VERSION = 1;
				DYLIB_INSTALL_NAME_BASE = "@rpath";
				INFOPLIST_FILE = Sources/Info.plist;
				INSTALL_PATH = "$(LOCAL_LIBRARY_DIR)/Frameworks";
				LD_RUNPATH_SEARCH_PATHS = "$(inherited) @executable_path/Frameworks @loader_path/Frameworks";
				PRODUCT_BUNDLE_IDENTIFIER = reswift.github.io.ReactiveReSwift;
				PRODUCT_NAME = ReactiveReSwift;
				SDKROOT = appletvos;
				SKIP_INSTALL = YES;
				SWIFT_VERSION = 5.0;
				TARGETED_DEVICE_FAMILY = 3;
			};
			name = Debug;
		};
		25DBCF551C30C18D00D63A58 /* Release */ = {
			isa = XCBuildConfiguration;
			buildSettings = {
				"CODE_SIGN_IDENTITY[sdk=appletvos*]" = "";
				DEFINES_MODULE = YES;
				DYLIB_COMPATIBILITY_VERSION = 1;
				DYLIB_CURRENT_VERSION = 1;
				DYLIB_INSTALL_NAME_BASE = "@rpath";
				INFOPLIST_FILE = Sources/Info.plist;
				INSTALL_PATH = "$(LOCAL_LIBRARY_DIR)/Frameworks";
				LD_RUNPATH_SEARCH_PATHS = "$(inherited) @executable_path/Frameworks @loader_path/Frameworks";
				PRODUCT_BUNDLE_IDENTIFIER = reswift.github.io.ReactiveReSwift;
				PRODUCT_NAME = ReactiveReSwift;
				SDKROOT = appletvos;
				SKIP_INSTALL = YES;
				SWIFT_OPTIMIZATION_LEVEL = "-Owholemodule";
				SWIFT_VERSION = 5.0;
				TARGETED_DEVICE_FAMILY = 3;
			};
			name = Release;
		};
		25DBCF6D1C30C1AC00D63A58 /* Debug */ = {
			isa = XCBuildConfiguration;
			buildSettings = {
				INFOPLIST_FILE = Sources/Info.plist;
				LD_RUNPATH_SEARCH_PATHS = "$(inherited) @executable_path/Frameworks @loader_path/Frameworks";
				PRODUCT_BUNDLE_IDENTIFIER = "reswift.github.io.ReSwift-tvOSTests";
				PRODUCT_NAME = "$(TARGET_NAME)";
				SDKROOT = appletvos;
				SWIFT_VERSION = 5.0;
				TARGETED_DEVICE_FAMILY = 3;
			};
			name = Debug;
		};
		25DBCF6E1C30C1AC00D63A58 /* Release */ = {
			isa = XCBuildConfiguration;
			buildSettings = {
				INFOPLIST_FILE = Sources/Info.plist;
				LD_RUNPATH_SEARCH_PATHS = "$(inherited) @executable_path/Frameworks @loader_path/Frameworks";
				PRODUCT_BUNDLE_IDENTIFIER = "reswift.github.io.ReSwift-tvOSTests";
				PRODUCT_NAME = "$(TARGET_NAME)";
				SDKROOT = appletvos;
				SWIFT_OPTIMIZATION_LEVEL = "-Owholemodule";
				SWIFT_VERSION = 5.0;
				TARGETED_DEVICE_FAMILY = 3;
			};
			name = Release;
		};
		25DBCF811C30C4AA00D63A58 /* Debug */ = {
			isa = XCBuildConfiguration;
			buildSettings = {
				CODE_SIGN_IDENTITY = "";
				COMBINE_HIDPI_IMAGES = YES;
				DEFINES_MODULE = YES;
				DYLIB_COMPATIBILITY_VERSION = 1;
				DYLIB_CURRENT_VERSION = 1;
				DYLIB_INSTALL_NAME_BASE = "@rpath";
				FRAMEWORK_VERSION = A;
				INFOPLIST_FILE = Sources/Info.plist;
				INSTALL_PATH = "$(LOCAL_LIBRARY_DIR)/Frameworks";
				LD_RUNPATH_SEARCH_PATHS = "$(inherited) @executable_path/../Frameworks @loader_path/Frameworks";
				PRODUCT_BUNDLE_IDENTIFIER = reswift.github.io.ReactiveReSwift;
				PRODUCT_NAME = ReactiveReSwift;
				SDKROOT = macosx;
				SKIP_INSTALL = YES;
				SWIFT_VERSION = 5.0;
			};
			name = Debug;
		};
		25DBCF821C30C4AA00D63A58 /* Release */ = {
			isa = XCBuildConfiguration;
			buildSettings = {
				CODE_SIGN_IDENTITY = "";
				COMBINE_HIDPI_IMAGES = YES;
				DEFINES_MODULE = YES;
				DYLIB_COMPATIBILITY_VERSION = 1;
				DYLIB_CURRENT_VERSION = 1;
				DYLIB_INSTALL_NAME_BASE = "@rpath";
				FRAMEWORK_VERSION = A;
				INFOPLIST_FILE = Sources/Info.plist;
				INSTALL_PATH = "$(LOCAL_LIBRARY_DIR)/Frameworks";
				LD_RUNPATH_SEARCH_PATHS = "$(inherited) @executable_path/../Frameworks @loader_path/Frameworks";
				PRODUCT_BUNDLE_IDENTIFIER = reswift.github.io.ReactiveReSwift;
				PRODUCT_NAME = ReactiveReSwift;
				SDKROOT = macosx;
				SKIP_INSTALL = YES;
				SWIFT_VERSION = 5.0;
			};
			name = Release;
		};
		25DBCF901C30C4DB00D63A58 /* Debug */ = {
			isa = XCBuildConfiguration;
			buildSettings = {
				CODE_SIGN_IDENTITY = "";
				COMBINE_HIDPI_IMAGES = YES;
				INFOPLIST_FILE = Sources/Info.plist;
				LD_RUNPATH_SEARCH_PATHS = "$(inherited) @executable_path/../Frameworks @loader_path/../Frameworks";
				MACOSX_DEPLOYMENT_TARGET = 10.11;
				PRODUCT_BUNDLE_IDENTIFIER = "reswift.github.io.ReSwift-MacTests";
				PRODUCT_NAME = "$(TARGET_NAME)";
				SDKROOT = macosx;
				SWIFT_VERSION = 5.0;
			};
			name = Debug;
		};
		25DBCF911C30C4DB00D63A58 /* Release */ = {
			isa = XCBuildConfiguration;
			buildSettings = {
				CODE_SIGN_IDENTITY = "";
				COMBINE_HIDPI_IMAGES = YES;
				INFOPLIST_FILE = Sources/Info.plist;
				LD_RUNPATH_SEARCH_PATHS = "$(inherited) @executable_path/../Frameworks @loader_path/../Frameworks";
				MACOSX_DEPLOYMENT_TARGET = 10.11;
				PRODUCT_BUNDLE_IDENTIFIER = "reswift.github.io.ReSwift-MacTests";
				PRODUCT_NAME = "$(TARGET_NAME)";
				SDKROOT = macosx;
				SWIFT_VERSION = 5.0;
			};
			name = Release;
		};
		625E66891C1FF97E0027C288 /* Debug */ = {
			isa = XCBuildConfiguration;
			buildSettings = {
				ALWAYS_SEARCH_USER_PATHS = NO;
				CLANG_ANALYZER_LOCALIZABILITY_NONLOCALIZED = YES;
				CLANG_CXX_LANGUAGE_STANDARD = "gnu++0x";
				CLANG_CXX_LIBRARY = "libc++";
				CLANG_ENABLE_MODULES = YES;
				CLANG_ENABLE_OBJC_ARC = YES;
				CLANG_WARN_BLOCK_CAPTURE_AUTORELEASING = YES;
				CLANG_WARN_BOOL_CONVERSION = YES;
				CLANG_WARN_COMMA = YES;
				CLANG_WARN_CONSTANT_CONVERSION = YES;
				CLANG_WARN_DEPRECATED_OBJC_IMPLEMENTATIONS = YES;
				CLANG_WARN_DIRECT_OBJC_ISA_USAGE = YES_ERROR;
				CLANG_WARN_EMPTY_BODY = YES;
				CLANG_WARN_ENUM_CONVERSION = YES;
				CLANG_WARN_INFINITE_RECURSION = YES;
				CLANG_WARN_INT_CONVERSION = YES;
				CLANG_WARN_NON_LITERAL_NULL_CONVERSION = YES;
				CLANG_WARN_OBJC_IMPLICIT_RETAIN_SELF = YES;
				CLANG_WARN_OBJC_LITERAL_CONVERSION = YES;
				CLANG_WARN_OBJC_ROOT_CLASS = YES_ERROR;
				CLANG_WARN_RANGE_LOOP_ANALYSIS = YES;
				CLANG_WARN_STRICT_PROTOTYPES = YES;
				CLANG_WARN_SUSPICIOUS_MOVE = YES;
				CLANG_WARN_UNREACHABLE_CODE = YES;
				CLANG_WARN__DUPLICATE_METHOD_MATCH = YES;
				"CODE_SIGN_IDENTITY[sdk=iphoneos*]" = "iPhone Developer";
				COPY_PHASE_STRIP = NO;
				CURRENT_PROJECT_VERSION = 1;
				DEBUG_INFORMATION_FORMAT = dwarf;
				DEFINES_MODULE = YES;
				ENABLE_STRICT_OBJC_MSGSEND = YES;
				ENABLE_TESTABILITY = YES;
				GCC_C_LANGUAGE_STANDARD = gnu99;
				GCC_DYNAMIC_NO_PIC = NO;
				GCC_NO_COMMON_BLOCKS = YES;
				GCC_OPTIMIZATION_LEVEL = 0;
				GCC_PREPROCESSOR_DEFINITIONS = (
					"DEBUG=1",
					"$(inherited)",
				);
				GCC_WARN_64_TO_32_BIT_CONVERSION = YES;
				GCC_WARN_ABOUT_RETURN_TYPE = YES_ERROR;
				GCC_WARN_UNDECLARED_SELECTOR = YES;
				GCC_WARN_UNINITIALIZED_AUTOS = YES_AGGRESSIVE;
				GCC_WARN_UNUSED_FUNCTION = YES;
				GCC_WARN_UNUSED_VARIABLE = YES;
				INFOPLIST_FILE = Sources/Info.plist;
				IPHONEOS_DEPLOYMENT_TARGET = 8.0;
				MACOSX_DEPLOYMENT_TARGET = 10.10;
				MTL_ENABLE_DEBUG_INFO = YES;
				ONLY_ACTIVE_ARCH = YES;
				PRODUCT_BUNDLE_IDENTIFIER = reswift.github.io.ReactiveReSwift;
				PRODUCT_NAME = ReactiveReSwift;
				SDKROOT = iphoneos;
				SWIFT_OPTIMIZATION_LEVEL = "-Onone";
				SWIFT_SWIFT3_OBJC_INFERENCE = Off;
				SWIFT_VERSION = 4.0;
				TARGETED_DEVICE_FAMILY = "1,2";
				TVOS_DEPLOYMENT_TARGET = 9.0;
				VERSIONING_SYSTEM = "apple-generic";
				VERSION_INFO_PREFIX = "";
				WATCHOS_DEPLOYMENT_TARGET = 2.0;
			};
			name = Debug;
		};
		625E668A1C1FF97E0027C288 /* Release */ = {
			isa = XCBuildConfiguration;
			buildSettings = {
				ALWAYS_SEARCH_USER_PATHS = NO;
				CLANG_ANALYZER_LOCALIZABILITY_NONLOCALIZED = YES;
				CLANG_CXX_LANGUAGE_STANDARD = "gnu++0x";
				CLANG_CXX_LIBRARY = "libc++";
				CLANG_ENABLE_MODULES = YES;
				CLANG_ENABLE_OBJC_ARC = YES;
				CLANG_WARN_BLOCK_CAPTURE_AUTORELEASING = YES;
				CLANG_WARN_BOOL_CONVERSION = YES;
				CLANG_WARN_COMMA = YES;
				CLANG_WARN_CONSTANT_CONVERSION = YES;
				CLANG_WARN_DEPRECATED_OBJC_IMPLEMENTATIONS = YES;
				CLANG_WARN_DIRECT_OBJC_ISA_USAGE = YES_ERROR;
				CLANG_WARN_EMPTY_BODY = YES;
				CLANG_WARN_ENUM_CONVERSION = YES;
				CLANG_WARN_INFINITE_RECURSION = YES;
				CLANG_WARN_INT_CONVERSION = YES;
				CLANG_WARN_NON_LITERAL_NULL_CONVERSION = YES;
				CLANG_WARN_OBJC_IMPLICIT_RETAIN_SELF = YES;
				CLANG_WARN_OBJC_LITERAL_CONVERSION = YES;
				CLANG_WARN_OBJC_ROOT_CLASS = YES_ERROR;
				CLANG_WARN_RANGE_LOOP_ANALYSIS = YES;
				CLANG_WARN_STRICT_PROTOTYPES = YES;
				CLANG_WARN_SUSPICIOUS_MOVE = YES;
				CLANG_WARN_UNREACHABLE_CODE = YES;
				CLANG_WARN__DUPLICATE_METHOD_MATCH = YES;
				"CODE_SIGN_IDENTITY[sdk=iphoneos*]" = "iPhone Developer";
				COPY_PHASE_STRIP = NO;
				CURRENT_PROJECT_VERSION = 1;
				DEBUG_INFORMATION_FORMAT = "dwarf-with-dsym";
				DEFINES_MODULE = YES;
				ENABLE_NS_ASSERTIONS = NO;
				ENABLE_STRICT_OBJC_MSGSEND = YES;
				GCC_C_LANGUAGE_STANDARD = gnu99;
				GCC_NO_COMMON_BLOCKS = YES;
				GCC_WARN_64_TO_32_BIT_CONVERSION = YES;
				GCC_WARN_ABOUT_RETURN_TYPE = YES_ERROR;
				GCC_WARN_UNDECLARED_SELECTOR = YES;
				GCC_WARN_UNINITIALIZED_AUTOS = YES_AGGRESSIVE;
				GCC_WARN_UNUSED_FUNCTION = YES;
				GCC_WARN_UNUSED_VARIABLE = YES;
				INFOPLIST_FILE = Sources/Info.plist;
				IPHONEOS_DEPLOYMENT_TARGET = 8.0;
				MACOSX_DEPLOYMENT_TARGET = 10.10;
				MTL_ENABLE_DEBUG_INFO = NO;
				PRODUCT_BUNDLE_IDENTIFIER = reswift.github.io.ReactiveReSwift;
				PRODUCT_NAME = ReactiveReSwift;
				SDKROOT = iphoneos;
				SWIFT_OPTIMIZATION_LEVEL = "-Owholemodule";
				SWIFT_SWIFT3_OBJC_INFERENCE = Off;
				SWIFT_VERSION = 4.0;
				TARGETED_DEVICE_FAMILY = "1,2";
				TVOS_DEPLOYMENT_TARGET = 9.0;
				VALIDATE_PRODUCT = YES;
				VERSIONING_SYSTEM = "apple-generic";
				VERSION_INFO_PREFIX = "";
				WATCHOS_DEPLOYMENT_TARGET = 2.0;
			};
			name = Release;
		};
		625E668C1C1FF97E0027C288 /* Debug */ = {
			isa = XCBuildConfiguration;
			buildSettings = {
				CLANG_ENABLE_MODULES = YES;
				"CODE_SIGN_IDENTITY[sdk=iphoneos*]" = "";
				DEFINES_MODULE = YES;
				DYLIB_COMPATIBILITY_VERSION = 1;
				DYLIB_CURRENT_VERSION = 1;
				DYLIB_INSTALL_NAME_BASE = "@rpath";
				INFOPLIST_FILE = Sources/Info.plist;
				INSTALL_PATH = "$(LOCAL_LIBRARY_DIR)/Frameworks";
				LD_RUNPATH_SEARCH_PATHS = "$(inherited) @executable_path/Frameworks @loader_path/Frameworks";
				PRODUCT_BUNDLE_IDENTIFIER = reswift.github.io.ReactiveReSwift;
				PRODUCT_NAME = ReactiveReSwift;
				SKIP_INSTALL = YES;
				SWIFT_OPTIMIZATION_LEVEL = "-Onone";
				SWIFT_VERSION = 5.0;
			};
			name = Debug;
		};
		625E668D1C1FF97E0027C288 /* Release */ = {
			isa = XCBuildConfiguration;
			buildSettings = {
				CLANG_ENABLE_MODULES = YES;
				"CODE_SIGN_IDENTITY[sdk=iphoneos*]" = "";
				DEFINES_MODULE = YES;
				DYLIB_COMPATIBILITY_VERSION = 1;
				DYLIB_CURRENT_VERSION = 1;
				DYLIB_INSTALL_NAME_BASE = "@rpath";
				INFOPLIST_FILE = Sources/Info.plist;
				INSTALL_PATH = "$(LOCAL_LIBRARY_DIR)/Frameworks";
				LD_RUNPATH_SEARCH_PATHS = "$(inherited) @executable_path/Frameworks @loader_path/Frameworks";
				PRODUCT_BUNDLE_IDENTIFIER = reswift.github.io.ReactiveReSwift;
				PRODUCT_NAME = ReactiveReSwift;
				SKIP_INSTALL = YES;
				SWIFT_OPTIMIZATION_LEVEL = "-Owholemodule";
				SWIFT_VERSION = 5.0;
			};
			name = Release;
		};
		625E66A31C1FFA3C0027C288 /* Debug */ = {
			isa = XCBuildConfiguration;
			buildSettings = {
				CLANG_ENABLE_MODULES = YES;
				INFOPLIST_FILE = Sources/Info.plist;
				LD_RUNPATH_SEARCH_PATHS = "$(inherited) @executable_path/Frameworks @loader_path/Frameworks";
				PRODUCT_BUNDLE_IDENTIFIER = reswift.github.io.ReactiveReSwift;
				PRODUCT_NAME = "$(TARGET_NAME)";
				SWIFT_OBJC_BRIDGING_HEADER = "";
				SWIFT_OPTIMIZATION_LEVEL = "-Onone";
				SWIFT_VERSION = 5.0;
			};
			name = Debug;
		};
		625E66A41C1FFA3C0027C288 /* Release */ = {
			isa = XCBuildConfiguration;
			buildSettings = {
				CLANG_ENABLE_MODULES = YES;
				INFOPLIST_FILE = Sources/Info.plist;
				LD_RUNPATH_SEARCH_PATHS = "$(inherited) @executable_path/Frameworks @loader_path/Frameworks";
				PRODUCT_BUNDLE_IDENTIFIER = reswift.github.io.ReactiveReSwift;
				PRODUCT_NAME = "$(TARGET_NAME)";
				SWIFT_OBJC_BRIDGING_HEADER = "";
				SWIFT_VERSION = 5.0;
			};
			name = Release;
		};
/* End XCBuildConfiguration section */

/* Begin XCConfigurationList section */
		25DBCF3C1C30BF2B00D63A58 /* Build configuration list for PBXNativeTarget "ReactiveReSwift-watchOS" */ = {
			isa = XCConfigurationList;
			buildConfigurations = (
				25DBCF3D1C30BF2B00D63A58 /* Debug */,
				25DBCF3E1C30BF2B00D63A58 /* Release */,
			);
			defaultConfigurationIsVisible = 0;
			defaultConfigurationName = Release;
		};
		25DBCF531C30C18D00D63A58 /* Build configuration list for PBXNativeTarget "ReactiveReSwift-tvOS" */ = {
			isa = XCConfigurationList;
			buildConfigurations = (
				25DBCF541C30C18D00D63A58 /* Debug */,
				25DBCF551C30C18D00D63A58 /* Release */,
			);
			defaultConfigurationIsVisible = 0;
			defaultConfigurationName = Release;
		};
		25DBCF6C1C30C1AC00D63A58 /* Build configuration list for PBXNativeTarget "ReactiveReSwift-tvOSTests" */ = {
			isa = XCConfigurationList;
			buildConfigurations = (
				25DBCF6D1C30C1AC00D63A58 /* Debug */,
				25DBCF6E1C30C1AC00D63A58 /* Release */,
			);
			defaultConfigurationIsVisible = 0;
			defaultConfigurationName = Release;
		};
		25DBCF801C30C4AA00D63A58 /* Build configuration list for PBXNativeTarget "ReactiveReSwift-macOS" */ = {
			isa = XCConfigurationList;
			buildConfigurations = (
				25DBCF811C30C4AA00D63A58 /* Debug */,
				25DBCF821C30C4AA00D63A58 /* Release */,
			);
			defaultConfigurationIsVisible = 0;
			defaultConfigurationName = Release;
		};
		25DBCF8F1C30C4DB00D63A58 /* Build configuration list for PBXNativeTarget "ReactiveReSwift-macOSTests" */ = {
			isa = XCConfigurationList;
			buildConfigurations = (
				25DBCF901C30C4DB00D63A58 /* Debug */,
				25DBCF911C30C4DB00D63A58 /* Release */,
			);
			defaultConfigurationIsVisible = 0;
			defaultConfigurationName = Release;
		};
		625E667D1C1FF97E0027C288 /* Build configuration list for PBXProject "ReactiveReSwift" */ = {
			isa = XCConfigurationList;
			buildConfigurations = (
				625E66891C1FF97E0027C288 /* Debug */,
				625E668A1C1FF97E0027C288 /* Release */,
			);
			defaultConfigurationIsVisible = 0;
			defaultConfigurationName = Release;
		};
		625E668B1C1FF97E0027C288 /* Build configuration list for PBXNativeTarget "ReactiveReSwift-iOS" */ = {
			isa = XCConfigurationList;
			buildConfigurations = (
				625E668C1C1FF97E0027C288 /* Debug */,
				625E668D1C1FF97E0027C288 /* Release */,
			);
			defaultConfigurationIsVisible = 0;
			defaultConfigurationName = Release;
		};
		625E66A21C1FFA3C0027C288 /* Build configuration list for PBXNativeTarget "ReactiveReSwift-iOSTests" */ = {
			isa = XCConfigurationList;
			buildConfigurations = (
				625E66A31C1FFA3C0027C288 /* Debug */,
				625E66A41C1FFA3C0027C288 /* Release */,
			);
			defaultConfigurationIsVisible = 0;
			defaultConfigurationName = Release;
		};
/* End XCConfigurationList section */
	};
	rootObject = 625E667A1C1FF97E0027C288 /* Project object */;
}
